PODS:
  - Alamofire (4.8.2)
  - Cache (5.2.0)
  - CocoaAsyncSocket (7.6.3)
  - CocoaLumberjack (3.4.2):
    - CocoaLumberjack/Default (= 3.4.2)
    - CocoaLumberjack/Extensions (= 3.4.2)
  - CocoaLumberjack/Default (3.4.2)
  - CocoaLumberjack/Extensions (3.4.2):
    - CocoaLumberjack/Default
  - FBRetainCycleDetector (0.1.4)
  - FLEX (3.1.2)
  - FMDB (2.7.5):
    - FMDB/standard (= 2.7.5)
  - FMDB/standard (2.7.5)
  - HandyJSON (5.0.0)
  - Kingfisher (5.12.0):
    - Kingfisher/Core (= 5.12.0)
  - Kingfisher/Core (5.12.0)
  - MBProgressHUD (1.1.0)
  - MJRefresh (3.2.0)
  - MLeaksFinder (1.0.0):
    - FBRetainCycleDetector
  - PKHUD (5.3.0)
  - RxAlamofire (5.0.0):
    - RxAlamofire/Core (= 5.0.0)
  - RxAlamofire/Core (5.0.0):
    - Alamofire (~> 4.8)
    - RxSwift (~> 5.0)
  - RxCocoa (5.0.0):
    - RxRelay (~> 5)
    - RxSwift (~> 5)
  - RxRelay (5.0.0):
    - RxSwift (~> 5)
  - RxSwift (5.0.0)
  - SnapKit (5.0.0)
  - SQLite.swift (0.12.2):
    - SQLite.swift/standard (= 0.12.2)
  - SQLite.swift/standard (0.12.2)
  - UICircularProgressRing (6.4.0)
  - WechatOpenSDK (1.8.3)
  - Weibo_SDK (3.2.6)
  - YYCategories (1.0.4):
    - YYCategories/no-arc (= 1.0.4)
  - YYCategories/no-arc (1.0.4)
  - YYImage (1.0.4):
    - YYImage/Core (= 1.0.4)
  - YYImage/Core (1.0.4)
  - YYModel (1.0.4)
  - YYText (1.0.7)
  - Zip (1.1.0)
  - ZSAPI (1.0.15)
  - ZSAppConfig (1.0.15)
  - ZSExtension (1.0.15):
    - Alamofire
    - HandyJSON
    - Kingfisher
    - MBProgressHUD
    - PKHUD
    - SQLite.swift
    - YYCategories
    - Zip
    - ZSAppConfig

DEPENDENCIES:
  - Alamofire
  - Cache
  - CocoaAsyncSocket
  - CocoaLumberjack (= 3.4.2)
  - FBRetainCycleDetector
  - FLEX
  - FMDB
  - HandyJSON
  - MBProgressHUD
  - MJRefresh
  - MLeaksFinder
  - PKHUD
  - RxAlamofire
  - RxCocoa
  - SnapKit (= 5.0.0)
  - SQLite.swift
  - UICircularProgressRing
  - WechatOpenSDK (= 1.8.3)
  - Weibo_SDK (from `https://github.com/sinaweibosdk/weibo_ios_sdk.git`)
  - YYCategories
  - YYImage
  - YYModel
  - YYText
  - Zip
  - ZSAPI (from `zhuishushenqi/NewVersion/ZSAPI`)
  - ZSAppConfig (from `zhuishushenqi/NewVersion/ZSAppConfig`)
  - ZSExtension (from `zhuishushenqi/NewVersion/ZSExtension`)

SPEC REPOS:
  https://github.com/CocoaPods/Specs.git:
    - Alamofire
    - Cache
    - CocoaAsyncSocket
    - CocoaLumberjack
    - FBRetainCycleDetector
    - FLEX
    - FMDB
    - HandyJSON
    - Kingfisher
    - MBProgressHUD
    - MJRefresh
    - MLeaksFinder
    - PKHUD
    - RxAlamofire
    - RxCocoa
    - RxRelay
    - RxSwift
    - SnapKit
    - SQLite.swift
    - UICircularProgressRing
    - WechatOpenSDK
    - YYCategories
    - YYImage
    - YYModel
    - YYText
    - Zip

EXTERNAL SOURCES:
  Weibo_SDK:
    :git: https://github.com/sinaweibosdk/weibo_ios_sdk.git
  ZSAPI:
    :path: zhuishushenqi/NewVersion/ZSAPI
  ZSAppConfig:
    :path: zhuishushenqi/NewVersion/ZSAppConfig
  ZSExtension:
    :path: zhuishushenqi/NewVersion/ZSExtension

CHECKOUT OPTIONS:
  Weibo_SDK:
    :commit: 593a51c8f83e3afbc533b030e391d1f273daadfb
    :git: https://github.com/sinaweibosdk/weibo_ios_sdk.git

SPEC CHECKSUMS:
  Alamofire: ae5c501addb7afdbb13687d7f2f722c78734c2d3
  Cache: 807c5d86d01a177f06ede9865add3aea269bbfd4
  CocoaAsyncSocket: eafaa68a7e0ec99ead0a7b35015e0bf25d2c8987
  CocoaLumberjack: db7cc9e464771f12054c22ff6947c5a58d43a0fd
  FBRetainCycleDetector: 46f8179bbb1c587deee3ea838a1a3ee02acf5015
  FLEX: e13e805fc3eec8732cc227d1f7508770d46e9587
  FMDB: 2ce00b547f966261cd18927a3ddb07cb6f3db82a
  HandyJSON: 992f2d661716d6a91de82d0056927bc7813b5770
  Kingfisher: dc6e0f53bb5b12c3e75bedb0e01bbd7a640eea69
  MBProgressHUD: e7baa36a220447d8aeb12769bf0585582f3866d9
  MJRefresh: ed450d6eb9d3346a2cb033ab7eb6de090aeef437
  MLeaksFinder: 8c435bd2f6d070af18cff082b503b21adc130fc0
  PKHUD: 98f3e4bc904b9c916f1c5bb6d765365b5357291b
  RxAlamofire: e7875a012aff55345672d0f70a2a9cd6aeb0f211
  RxCocoa: fcf32050ac00d801f34a7f71d5e8e7f23026dcd8
  RxRelay: 4f7409406a51a55cd88483f21ed898c234d60f18
  RxSwift: 8b0671caa829a763bbce7271095859121cbd895f
  SnapKit: fd22d10eb9aff484d79a8724eab922c1ddf89bcf
  SQLite.swift: d2b4642190917051ce6bd1d49aab565fe794eea3
  UICircularProgressRing: 907613633e76e561b972a3868c95517d14c71006
  WechatOpenSDK: 3117412f8aafde4758cac1e8d20b93c67cafcfef
  Weibo_SDK: 13b51503b929ae645f52e5cf584093e6a269bcd9
  YYCategories: 6bcd4314c6661a561410dce4a793379ebd306abd
  YYImage: 1e1b62a9997399593e4b9c4ecfbbabbf1d3f3b54
  YYModel: 2a7fdd96aaa4b86a824e26d0c517de8928c04b30
  YYText: 5c461d709e24d55a182d1441c41dc639a18a4849
  Zip: 8877eede3dda76bcac281225c20e71c25270774c
  ZSAPI: 8b37ed8f4203d5fd9209dc7911024edcaee68a8f
  ZSAppConfig: 52ccb894481ecaa28452d42d4d42db7a678d2786
  ZSExtension: 040334c0092668a134ecdc621c6ea129eb1faf40

PODFILE CHECKSUM: 9b06cc976effac482394316a511e56ed879d3196

COCOAPODS: 1.9.3
