PODS:
  - FMDB (2.6.2):
    - FMDB/standard (= 2.6.2)
  - FMDB/standard (2.6.2)
  - Kingfisher (3.5.1)
  - MBProgressHUD (1.0.0)
  - ObjectMapper (2.2.5)
  - PullToRefresh (0.0.1)
  - QSNetwork (0.0.1)
  - SnapKit (3.2.0)
  - YYKit (1.0.9):
    - YYKit/no-arc (= 1.0.9)
  - YYKit/no-arc (1.0.9)

DEPENDENCIES:
  - FMDB (= 2.6.2)
  - Kingfisher (= 3.5.1)
  - MBProgressHUD (~> 1.0.0)
  - ObjectMapper (= 2.2.5)
  - PullToRefresh (= 0.0.1)
  - QSNetwork (from `zhuishushenqi/Vendor/QSNetwork`)
  - SnapKit (= 3.2.0)
  - YYKit (= 1.0.9)

EXTERNAL SOURCES:
  QSNetwork:
    :path: zhuishushenqi/Vendor/QSNetwork

SPEC CHECKSUMS:
  FMDB: 854a0341b4726e53276f2a8996f06f1b80f9259a
  Kingfisher: 12eeffeef42ea45b68c5e5acfe8ba9005b713ab4
  MBProgressHUD: 4890f671c94e8a0f3cf959aa731e9de2f036d71a
  ObjectMapper: fb30f71e08470d1e5a20b199fafe1246281db898
  PullToRefresh: 718b902fea1e8db4390bee24d515a37fd49bdbd7
  QSNetwork: 0342c4667bedfc33cebb9b01bd3fcfcac21d0ff9
  SnapKit: 1ca44df72cfa543218d177cb8aab029d10d86ea7
  YYKit: 7cda43304a8dc3696c449041e2cb3107b4e236e7

PODFILE CHECKSUM: 5e213ccfc76306fb9ad69881849adb3215318834

COCOAPODS: 1.2.0
