// !$*UTF8*$!
{
	archiveVersion = 1;
	classes = {
	};
	objectVersion = 50;
	objects = {

/* Begin PBXBuildFile section */
		3D75D16922C2600400E55BDB /* AppDelegate.m in Sources */ = {isa = PBXBuildFile; fileRef = 3D75D16822C2600400E55BDB /* AppDelegate.m */; };
		3D75D16C22C2600400E55BDB /* ViewController.m in Sources */ = {isa = PBXBuildFile; fileRef = 3D75D16B22C2600400E55BDB /* ViewController.m */; };
		3D75D16F22C2600400E55BDB /* Main.storyboard in Resources */ = {isa = PBXBuildFile; fileRef = 3D75D16D22C2600400E55BDB /* Main.storyboard */; };
		3D75D17122C2600500E55BDB /* Assets.xcassets in Resources */ = {isa = PBXBuildFile; fileRef = 3D75D17022C2600500E55BDB /* Assets.xcassets */; };
		3D75D17422C2600500E55BDB /* LaunchScreen.storyboard in Resources */ = {isa = PBXBuildFile; fileRef = 3D75D17222C2600500E55BDB /* LaunchScreen.storyboard */; };
		3D75D17722C2600500E55BDB /* main.m in Sources */ = {isa = PBXBuildFile; fileRef = 3D75D17622C2600500E55BDB /* main.m */; };
/* End PBXBuildFile section */

/* Begin PBXFileReference section */
		3D75D16422C2600400E55BDB /* ZSAPIDemo.app */ = {isa = PBXFileReference; explicitFileType = wrapper.application; includeInIndex = 0; path = ZSAPIDemo.app; sourceTree = BUILT_PRODUCTS_DIR; };
		3D75D16722C2600400E55BDB /* AppDelegate.h */ = {isa = PBXFileReference; lastKnownFileType = sourcecode.c.h; path = AppDelegate.h; sourceTree = "<group>"; };
		3D75D16822C2600400E55BDB /* AppDelegate.m */ = {isa = PBXFileReference; lastKnownFileType = sourcecode.c.objc; path = AppDelegate.m; sourceTree = "<group>"; };
		3D75D16A22C2600400E55BDB /* ViewController.h */ = {isa = PBXFileReference; lastKnownFileType = sourcecode.c.h; path = ViewController.h; sourceTree = "<group>"; };
		3D75D16B22C2600400E55BDB /* ViewController.m */ = {isa = PBXFileReference; lastKnownFileType = sourcecode.c.objc; path = ViewController.m; sourceTree = "<group>"; };
		3D75D16E22C2600400E55BDB /* Base */ = {isa = PBXFileReference; lastKnownFileType = file.storyboard; name = Base; path = Base.lproj/Main.storyboard; sourceTree = "<group>"; };
		3D75D17022C2600500E55BDB /* Assets.xcassets */ = {isa = PBXFileReference; lastKnownFileType = folder.assetcatalog; path = Assets.xcassets; sourceTree = "<group>"; };
		3D75D17322C2600500E55BDB /* Base */ = {isa = PBXFileReference; lastKnownFileType = file.storyboard; name = Base; path = Base.lproj/LaunchScreen.storyboard; sourceTree = "<group>"; };
		3D75D17522C2600500E55BDB /* Info.plist */ = {isa = PBXFileReference; lastKnownFileType = text.plist.xml; path = Info.plist; sourceTree = "<group>"; };
		3D75D17622C2600500E55BDB /* main.m */ = {isa = PBXFileReference; lastKnownFileType = sourcecode.c.objc; path = main.m; sourceTree = "<group>"; };
/* End PBXFileReference section */

/* Begin PBXFrameworksBuildPhase section */
		3D75D16122C2600400E55BDB /* Frameworks */ = {
			isa = PBXFrameworksBuildPhase;
			buildActionMask = 2147483647;
			files = (
			);
			runOnlyForDeploymentPostprocessing = 0;
		};
/* End PBXFrameworksBuildPhase section */

/* Begin PBXGroup section */
		3D75D15B22C2600400E55BDB = {
			isa = PBXGroup;
			children = (
				3D75D16622C2600400E55BDB /* ZSAPIDemo */,
				3D75D16522C2600400E55BDB /* Products */,
			);
			sourceTree = "<group>";
		};
		3D75D16522C2600400E55BDB /* Products */ = {
			isa = PBXGroup;
			children = (
				3D75D16422C2600400E55BDB /* ZSAPIDemo.app */,
			);
			name = Products;
			sourceTree = "<group>";
		};
		3D75D16622C2600400E55BDB /* ZSAPIDemo */ = {
			isa = PBXGroup;
			children = (
				3D75D16722C2600400E55BDB /* AppDelegate.h */,
				3D75D16822C2600400E55BDB /* AppDelegate.m */,
				3D75D16A22C2600400E55BDB /* ViewController.h */,
				3D75D16B22C2600400E55BDB /* ViewController.m */,
				3D75D16D22C2600400E55BDB /* Main.storyboard */,
				3D75D17022C2600500E55BDB /* Assets.xcassets */,
				3D75D17222C2600500E55BDB /* LaunchScreen.storyboard */,
				3D75D17522C2600500E55BDB /* Info.plist */,
				3D75D17622C2600500E55BDB /* main.m */,
			);
			path = ZSAPIDemo;
			sourceTree = "<group>";
		};
/* End PBXGroup section */

/* Begin PBXNativeTarget section */
		3D75D16322C2600400E55BDB /* ZSAPIDemo */ = {
			isa = PBXNativeTarget;
			buildConfigurationList = 3D75D17A22C2600500E55BDB /* Build configuration list for PBXNativeTarget "ZSAPIDemo" */;
			buildPhases = (
				3D75D16022C2600400E55BDB /* Sources */,
				3D75D16122C2600400E55BDB /* Frameworks */,
				3D75D16222C2600400E55BDB /* Resources */,
			);
			buildRules = (
			);
			dependencies = (
			);
			name = ZSAPIDemo;
			productName = ZSAPIDemo;
			productReference = 3D75D16422C2600400E55BDB /* ZSAPIDemo.app */;
			productType = "com.apple.product-type.application";
		};
/* End PBXNativeTarget section */

/* Begin PBXProject section */
		3D75D15C22C2600400E55BDB /* Project object */ = {
			isa = PBXProject;
			attributes = {
				LastUpgradeCheck = 1020;
				ORGANIZATIONNAME = cj;
				TargetAttributes = {
					3D75D16322C2600400E55BDB = {
						CreatedOnToolsVersion = 10.2.1;
					};
				};
			};
			buildConfigurationList = 3D75D15F22C2600400E55BDB /* Build configuration list for PBXProject "ZSAPIDemo" */;
			compatibilityVersion = "Xcode 9.3";
			developmentRegion = en;
			hasScannedForEncodings = 0;
			knownRegions = (
				en,
				Base,
			);
			mainGroup = 3D75D15B22C2600400E55BDB;
			productRefGroup = 3D75D16522C2600400E55BDB /* Products */;
			projectDirPath = "";
			projectRoot = "";
			targets = (
				3D75D16322C2600400E55BDB /* ZSAPIDemo */,
			);
		};
/* End PBXProject section */

/* Begin PBXResourcesBuildPhase section */
		3D75D16222C2600400E55BDB /* Resources */ = {
			isa = PBXResourcesBuildPhase;
			buildActionMask = 2147483647;
			files = (
				3D75D17422C2600500E55BDB /* LaunchScreen.storyboard in Resources */,
				3D75D17122C2600500E55BDB /* Assets.xcassets in Resources */,
				3D75D16F22C2600400E55BDB /* Main.storyboard in Resources */,
			);
			runOnlyForDeploymentPostprocessing = 0;
		};
/* End PBXResourcesBuildPhase section */

/* Begin PBXSourcesBuildPhase section */
		3D75D16022C2600400E55BDB /* Sources */ = {
			isa = PBXSourcesBuildPhase;
			buildActionMask = 2147483647;
			files = (
				3D75D16C22C2600400E55BDB /* ViewController.m in Sources */,
				3D75D17722C2600500E55BDB /* main.m in Sources */,
				3D75D16922C2600400E55BDB /* AppDelegate.m in Sources */,
			);
			runOnlyForDeploymentPostprocessing = 0;
		};
/* End PBXSourcesBuildPhase section */

/* Begin PBXVariantGroup section */
		3D75D16D22C2600400E55BDB /* Main.storyboard */ = {
			isa = PBXVariantGroup;
			children = (
				3D75D16E22C2600400E55BDB /* Base */,
			);
			name = Main.storyboard;
			sourceTree = "<group>";
		};
		3D75D17222C2600500E55BDB /* LaunchScreen.storyboard */ = {
			isa = PBXVariantGroup;
			children = (
				3D75D17322C2600500E55BDB /* Base */,
			);
			name = LaunchScreen.storyboard;
			sourceTree = "<group>";
		};
/* End PBXVariantGroup section */

/* Begin XCBuildConfiguration section */
		3D75D17822C2600500E55BDB /* Debug */ = {
			isa = XCBuildConfiguration;
			buildSettings = {
				ALWAYS_SEARCH_USER_PATHS = NO;
				CLANG_ANALYZER_NONNULL = YES;
				CLANG_ANALYZER_NUMBER_OBJECT_CONVERSION = YES_AGGRESSIVE;
				CLANG_CXX_LANGUAGE_STANDARD = "gnu++14";
				CLANG_CXX_LIBRARY = "libc++";
				CLANG_ENABLE_MODULES = YES;
				CLANG_ENABLE_OBJC_ARC = YES;
				CLANG_ENABLE_OBJC_WEAK = YES;
				CLANG_WARN_BLOCK_CAPTURE_AUTORELEASING = YES;
				CLANG_WARN_BOOL_CONVERSION = YES;
				CLANG_WARN_COMMA = YES;
				CLANG_WARN_CONSTANT_CONVERSION = YES;
				CLANG_WARN_DEPRECATED_OBJC_IMPLEMENTATIONS = YES;
				CLANG_WARN_DIRECT_OBJC_ISA_USAGE = YES_ERROR;
				CLANG_WARN_DOCUMENTATION_COMMENTS = YES;
				CLANG_WARN_EMPTY_BODY = YES;
				CLANG_WARN_ENUM_CONVERSION = YES;
				CLANG_WARN_INFINITE_RECURSION = YES;
				CLANG_WARN_INT_CONVERSION = YES;
				CLANG_WARN_NON_LITERAL_NULL_CONVERSION = YES;
				CLANG_WARN_OBJC_IMPLICIT_RETAIN_SELF = YES;
				CLANG_WARN_OBJC_LITERAL_CONVERSION = YES;
				CLANG_WARN_OBJC_ROOT_CLASS = YES_ERROR;
				CLANG_WARN_RANGE_LOOP_ANALYSIS = YES;
				CLANG_WARN_STRICT_PROTOTYPES = YES;
				CLANG_WARN_SUSPICIOUS_MOVE = YES;
				CLANG_WARN_UNGUARDED_AVAILABILITY = YES_AGGRESSIVE;
				CLANG_WARN_UNREACHABLE_CODE = YES;
				CLANG_WARN__DUPLICATE_METHOD_MATCH = YES;
				CODE_SIGN_IDENTITY = "iPhone Developer";
				COPY_PHASE_STRIP = NO;
				DEBUG_INFORMATION_FORMAT = dwarf;
				ENABLE_STRICT_OBJC_MSGSEND = YES;
				ENABLE_TESTABILITY = YES;
				GCC_C_LANGUAGE_STANDARD = gnu11;
				GCC_DYNAMIC_NO_PIC = NO;
				GCC_NO_COMMON_BLOCKS = YES;
				GCC_OPTIMIZATION_LEVEL = 0;
				GCC_PREPROCESSOR_DEFINITIONS = (
					"DEBUG=1",
					"$(inherited)",
				);
				GCC_WARN_64_TO_32_BIT_CONVERSION = YES;
				GCC_WARN_ABOUT_RETURN_TYPE = YES_ERROR;
				GCC_WARN_UNDECLARED_SELECTOR = YES;
				GCC_WARN_UNINITIALIZED_AUTOS = YES_AGGRESSIVE;
				GCC_WARN_UNUSED_FUNCTION = YES;
				GCC_WARN_UNUSED_VARIABLE = YES;
				IPHONEOS_DEPLOYMENT_TARGET = 12.2;
				MTL_ENABLE_DEBUG_INFO = INCLUDE_SOURCE;
				MTL_FAST_MATH = YES;
				ONLY_ACTIVE_ARCH = YES;
				SDKROOT = iphoneos;
			};
			name = Debug;
		};
		3D75D17922C2600500E55BDB /* Release */ = {
			isa = XCBuildConfiguration;
			buildSettings = {
				ALWAYS_SEARCH_USER_PATHS = NO;
				CLANG_ANALYZER_NONNULL = YES;
				CLANG_ANALYZER_NUMBER_OBJECT_CONVERSION = YES_AGGRESSIVE;
				CLANG_CXX_LANGUAGE_STANDARD = "gnu++14";
				CLANG_CXX_LIBRARY = "libc++";
				CLANG_ENABLE_MODULES = YES;
				CLANG_ENABLE_OBJC_ARC = YES;
				CLANG_ENABLE_OBJC_WEAK = YES;
				CLANG_WARN_BLOCK_CAPTURE_AUTORELEASING = YES;
				CLANG_WARN_BOOL_CONVERSION = YES;
				CLANG_WARN_COMMA = YES;
				CLANG_WARN_CONSTANT_CONVERSION = YES;
				CLANG_WARN_DEPRECATED_OBJC_IMPLEMENTATIONS = YES;
				CLANG_WARN_DIRECT_OBJC_ISA_USAGE = YES_ERROR;
				CLANG_WARN_DOCUMENTATION_COMMENTS = YES;
				CLANG_WARN_EMPTY_BODY = YES;
				CLANG_WARN_ENUM_CONVERSION = YES;
				CLANG_WARN_INFINITE_RECURSION = YES;
				CLANG_WARN_INT_CONVERSION = YES;
				CLANG_WARN_NON_LITERAL_NULL_CONVERSION = YES;
				CLANG_WARN_OBJC_IMPLICIT_RETAIN_SELF = YES;
				CLANG_WARN_OBJC_LITERAL_CONVERSION = YES;
				CLANG_WARN_OBJC_ROOT_CLASS = YES_ERROR;
				CLANG_WARN_RANGE_LOOP_ANALYSIS = YES;
				CLANG_WARN_STRICT_PROTOTYPES = YES;
				CLANG_WARN_SUSPICIOUS_MOVE = YES;
				CLANG_WARN_UNGUARDED_AVAILABILITY = YES_AGGRESSIVE;
				CLANG_WARN_UNREACHABLE_CODE = YES;
				CLANG_WARN__DUPLICATE_METHOD_MATCH = YES;
				CODE_SIGN_IDENTITY = "iPhone Developer";
				COPY_PHASE_STRIP = NO;
				DEBUG_INFORMATION_FORMAT = "dwarf-with-dsym";
				ENABLE_NS_ASSERTIONS = NO;
				ENABLE_STRICT_OBJC_MSGSEND = YES;
				GCC_C_LANGUAGE_STANDARD = gnu11;
				GCC_NO_COMMON_BLOCKS = YES;
				GCC_WARN_64_TO_32_BIT_CONVERSION = YES;
				GCC_WARN_ABOUT_RETURN_TYPE = YES_ERROR;
				GCC_WARN_UNDECLARED_SELECTOR = YES;
				GCC_WARN_UNINITIALIZED_AUTOS = YES_AGGRESSIVE;
				GCC_WARN_UNUSED_FUNCTION = YES;
				GCC_WARN_UNUSED_VARIABLE = YES;
				IPHONEOS_DEPLOYMENT_TARGET = 12.2;
				MTL_ENABLE_DEBUG_INFO = NO;
				MTL_FAST_MATH = YES;
				SDKROOT = iphoneos;
				VALIDATE_PRODUCT = YES;
			};
			name = Release;
		};
		3D75D17B22C2600500E55BDB /* Debug */ = {
			isa = XCBuildConfiguration;
			buildSettings = {
				ASSETCATALOG_COMPILER_APPICON_NAME = AppIcon;
				CODE_SIGN_STYLE = Automatic;
				DEVELOPMENT_TEAM = PF2S597TZW;
				INFOPLIST_FILE = ZSAPIDemo/Info.plist;
				LD_RUNPATH_SEARCH_PATHS = (
					"$(inherited)",
					"@executable_path/Frameworks",
				);
				PRODUCT_BUNDLE_IDENTIFIER = com.cj.ZSAPIDemo;
				PRODUCT_NAME = "$(TARGET_NAME)";
				TARGETED_DEVICE_FAMILY = "1,2";
			};
			name = Debug;
		};
		3D75D17C22C2600500E55BDB /* Release */ = {
			isa = XCBuildConfiguration;
			buildSettings = {
				ASSETCATALOG_COMPILER_APPICON_NAME = AppIcon;
				CODE_SIGN_STYLE = Automatic;
				DEVELOPMENT_TEAM = PF2S597TZW;
				INFOPLIST_FILE = ZSAPIDemo/Info.plist;
				LD_RUNPATH_SEARCH_PATHS = (
					"$(inherited)",
					"@executable_path/Frameworks",
				);
				PRODUCT_BUNDLE_IDENTIFIER = com.cj.ZSAPIDemo;
				PRODUCT_NAME = "$(TARGET_NAME)";
				TARGETED_DEVICE_FAMILY = "1,2";
			};
			name = Release;
		};
/* End XCBuildConfiguration section */

/* Begin XCConfigurationList section */
		3D75D15F22C2600400E55BDB /* Build configuration list for PBXProject "ZSAPIDemo" */ = {
			isa = XCConfigurationList;
			buildConfigurations = (
				3D75D17822C2600500E55BDB /* Debug */,
				3D75D17922C2600500E55BDB /* Release */,
			);
			defaultConfigurationIsVisible = 0;
			defaultConfigurationName = Release;
		};
		3D75D17A22C2600500E55BDB /* Build configuration list for PBXNativeTarget "ZSAPIDemo" */ = {
			isa = XCConfigurationList;
			buildConfigurations = (
				3D75D17B22C2600500E55BDB /* Debug */,
				3D75D17C22C2600500E55BDB /* Release */,
			);
			defaultConfigurationIsVisible = 0;
			defaultConfigurationName = Release;
		};
/* End XCConfigurationList section */
	};
	rootObject = 3D75D15C22C2600400E55BDB /* Project object */;
}
